
Microsoft Visual Studio Solution File, Format Version 12.00
# Visual Studio Version 16
VisualStudioVersion = 16.0.30717.126
MinimumVisualStudioVersion = 10.0.40219.1
Project("{FAE04EC0-301F-11D3-BF4B-00C04F79EFBC}") = "GeometryShapes", "GeometryShapes\GeometryShapes.csproj", "{779AA369-2556-4309-9E40-F058B45AB101}"
EndProject
Project("{FAE04EC0-301F-11D3-BF4B-00C04F79EFBC}") = "UnitTestProject1", "UnitTestProject1\UnitTestProject1.csproj", "{4055F34B-46A6-4278-A334-F7DB5C8768E6}"
EndProject
Global
	GlobalSection(SolutionConfigurationPlatforms) = preSolution
		Debug|Any CPU = Debug|Any CPU
		Release|Any CPU = Release|Any CPU
	EndGlobalSection
	GlobalSection(ProjectConfigurationPlatforms) = postSolution
		{779AA369-2556-4309-9E40-F058B45AB101}.Debug|Any CPU.ActiveCfg = Debug|Any CPU
		{779AA369-2556-4309-9E40-F058B45AB101}.Debug|Any CPU.Build.0 = Debug|Any CPU
		{779AA369-2556-4309-9E40-F058B45AB101}.Release|Any CPU.ActiveCfg = Release|Any CPU
		{779AA369-2556-4309-9E40-F058B45AB101}.Release|Any CPU.Build.0 = Release|Any CPU
		{4055F34B-46A6-4278-A334-F7DB5C8768E6}.Debug|Any CPU.ActiveCfg = Debug|Any CPU
		{4055F34B-46A6-4278-A334-F7DB5C8768E6}.Debug|Any CPU.Build.0 = Debug|Any CPU
		{4055F34B-46A6-4278-A334-F7DB5C8768E6}.Release|Any CPU.ActiveCfg = Release|Any CPU
		{4055F34B-46A6-4278-A334-F7DB5C8768E6}.Release|Any CPU.Build.0 = Release|Any CPU
	EndGlobalSection
	GlobalSection(SolutionProperties) = preSolution
		HideSolutionNode = FALSE
	EndGlobalSection
	GlobalSection(ExtensibilityGlobals) = postSolution
		SolutionGuid = {45638CB0-73A3-401C-9781-D5A684254461}
	EndGlobalSection
EndGlobal
